
Microsoft Visual Studio Solution File, Format Version 12.00
# Visual Studio Version 17
VisualStudioVersion = 17.9.34616.47
MinimumVisualStudioVersion = 10.0.40219.1
Project("{9A19103F-16F7-4668-BE54-9A1E7A4F7556}") = "RentH2.Services.MotorcycleAPI", "RentH2.Services.MotorcycleAPI\RentH2.Services.MotorcycleAPI.csproj", "{FAAE8964-6633-4085-9512-41388CD130F4}"
EndProject
Project("{9A19103F-16F7-4668-BE54-9A1E7A4F7556}") = "RentH2.Services.AuthAPI", "RentH2.Services.AuthAPI\RentH2.Services.AuthAPI.csproj", "{5E7D922D-6458-4E89-B7B4-297520A01298}"
EndProject
Project("{2150E333-8FDC-42A3-9474-1A3956D46DE8}") = "Services", "Services", "{24CFB6D4-AA5F-4021-9EBA-6A9C2E558B01}"
EndProject
Project("{2150E333-8FDC-42A3-9474-1A3956D46DE8}") = "FrontEnd", "FrontEnd", "{E5372BA2-5EE8-46F4-A64C-DA7F2B3EF716}"
EndProject
Project("{2150E333-8FDC-42A3-9474-1A3956D46DE8}") = "Gateway", "Gateway", "{71434C2A-DB44-413E-9CC2-DEE0A22C177C}"
EndProject
Project("{9A19103F-16F7-4668-BE54-9A1E7A4F7556}") = "RentH2.Web", "RentH2.Web\RentH2.Web.csproj", "{89D5FA95-296B-4A78-ABC2-3B66B1A46154}"
EndProject
Project("{9A19103F-16F7-4668-BE54-9A1E7A4F7556}") = "RentH2.Services.PlanAPI", "RentH2.Services.PlanAPI\RentH2.Services.PlanAPI.csproj", "{01429E9F-8E05-4326-8C2C-C8F8ACC7EA82}"
EndProject
Project("{9A19103F-16F7-4668-BE54-9A1E7A4F7556}") = "RentH2.Services.RentAPI", "RentH2.Services.RentAPI\RentH2.Services.RentAPI.csproj", "{73AEF4AB-3F75-496F-85DD-E2DCB86C996C}"
EndProject
Project("{9A19103F-16F7-4668-BE54-9A1E7A4F7556}") = "RentH2.Services.OrderAPI", "RentH2.Services.OrderAPI\RentH2.Services.OrderAPI.csproj", "{0D5A8D79-41A7-4D57-8B2C-9908197C390C}"
EndProject
Project("{9A19103F-16F7-4668-BE54-9A1E7A4F7556}") = "RentH2.Services.NotificationAPI", "RentH2.Services.NotificationAPI\RentH2.Services.NotificationAPI.csproj", "{CC927852-29FA-4BC6-B9A7-0F64E5905EE8}"
EndProject
Project("{2150E333-8FDC-42A3-9474-1A3956D46DE8}") = "API", "API", "{37702A52-468E-498A-A839-5BD672DA39CF}"
EndProject
Project("{9A19103F-16F7-4668-BE54-9A1E7A4F7556}") = "RentH2.Infra", "RentH2.Infra\RentH2.Infra.csproj", "{42488CC0-3DE7-42F0-8B24-86E0C312B552}"
EndProject
Project("{9A19103F-16F7-4668-BE54-9A1E7A4F7556}") = "RentH2.Domain", "RentH2.Domain\RentH2.Domain.csproj", "{3F675C43-1851-4528-88B6-FB4C8F248068}"
EndProject
Project("{FAE04EC0-301F-11D3-BF4B-00C04F79EFBC}") = "RentH2.Application", "RentH2.Application\RentH2.Application.csproj", "{B1DD7F96-962D-4ED3-A958-AC20195BDB83}"
EndProject
Global
	GlobalSection(SolutionConfigurationPlatforms) = preSolution
		Debug|Any CPU = Debug|Any CPU
		Release|Any CPU = Release|Any CPU
	EndGlobalSection
	GlobalSection(ProjectConfigurationPlatforms) = postSolution
		{FAAE8964-6633-4085-9512-41388CD130F4}.Debug|Any CPU.ActiveCfg = Debug|Any CPU
		{FAAE8964-6633-4085-9512-41388CD130F4}.Debug|Any CPU.Build.0 = Debug|Any CPU
		{FAAE8964-6633-4085-9512-41388CD130F4}.Release|Any CPU.ActiveCfg = Release|Any CPU
		{FAAE8964-6633-4085-9512-41388CD130F4}.Release|Any CPU.Build.0 = Release|Any CPU
		{5E7D922D-6458-4E89-B7B4-297520A01298}.Debug|Any CPU.ActiveCfg = Debug|Any CPU
		{5E7D922D-6458-4E89-B7B4-297520A01298}.Debug|Any CPU.Build.0 = Debug|Any CPU
		{5E7D922D-6458-4E89-B7B4-297520A01298}.Release|Any CPU.ActiveCfg = Release|Any CPU
		{5E7D922D-6458-4E89-B7B4-297520A01298}.Release|Any CPU.Build.0 = Release|Any CPU
		{89D5FA95-296B-4A78-ABC2-3B66B1A46154}.Debug|Any CPU.ActiveCfg = Debug|Any CPU
		{89D5FA95-296B-4A78-ABC2-3B66B1A46154}.Debug|Any CPU.Build.0 = Debug|Any CPU
		{89D5FA95-296B-4A78-ABC2-3B66B1A46154}.Release|Any CPU.ActiveCfg = Release|Any CPU
		{89D5FA95-296B-4A78-ABC2-3B66B1A46154}.Release|Any CPU.Build.0 = Release|Any CPU
		{01429E9F-8E05-4326-8C2C-C8F8ACC7EA82}.Debug|Any CPU.ActiveCfg = Debug|Any CPU
		{01429E9F-8E05-4326-8C2C-C8F8ACC7EA82}.Debug|Any CPU.Build.0 = Debug|Any CPU
		{01429E9F-8E05-4326-8C2C-C8F8ACC7EA82}.Release|Any CPU.ActiveCfg = Release|Any CPU
		{01429E9F-8E05-4326-8C2C-C8F8ACC7EA82}.Release|Any CPU.Build.0 = Release|Any CPU
		{73AEF4AB-3F75-496F-85DD-E2DCB86C996C}.Debug|Any CPU.ActiveCfg = Debug|Any CPU
		{73AEF4AB-3F75-496F-85DD-E2DCB86C996C}.Debug|Any CPU.Build.0 = Debug|Any CPU
		{73AEF4AB-3F75-496F-85DD-E2DCB86C996C}.Release|Any CPU.ActiveCfg = Release|Any CPU
		{73AEF4AB-3F75-496F-85DD-E2DCB86C996C}.Release|Any CPU.Build.0 = Release|Any CPU
		{0D5A8D79-41A7-4D57-8B2C-9908197C390C}.Debug|Any CPU.ActiveCfg = Debug|Any CPU
		{0D5A8D79-41A7-4D57-8B2C-9908197C390C}.Debug|Any CPU.Build.0 = Debug|Any CPU
		{0D5A8D79-41A7-4D57-8B2C-9908197C390C}.Release|Any CPU.ActiveCfg = Release|Any CPU
		{0D5A8D79-41A7-4D57-8B2C-9908197C390C}.Release|Any CPU.Build.0 = Release|Any CPU
		{CC927852-29FA-4BC6-B9A7-0F64E5905EE8}.Debug|Any CPU.ActiveCfg = Debug|Any CPU
		{CC927852-29FA-4BC6-B9A7-0F64E5905EE8}.Debug|Any CPU.Build.0 = Debug|Any CPU
		{CC927852-29FA-4BC6-B9A7-0F64E5905EE8}.Release|Any CPU.ActiveCfg = Release|Any CPU
		{CC927852-29FA-4BC6-B9A7-0F64E5905EE8}.Release|Any CPU.Build.0 = Release|Any CPU
		{42488CC0-3DE7-42F0-8B24-86E0C312B552}.Debug|Any CPU.ActiveCfg = Debug|Any CPU
		{42488CC0-3DE7-42F0-8B24-86E0C312B552}.Debug|Any CPU.Build.0 = Debug|Any CPU
		{42488CC0-3DE7-42F0-8B24-86E0C312B552}.Release|Any CPU.ActiveCfg = Release|Any CPU
		{42488CC0-3DE7-42F0-8B24-86E0C312B552}.Release|Any CPU.Build.0 = Release|Any CPU
		{3F675C43-1851-4528-88B6-FB4C8F248068}.Debug|Any CPU.ActiveCfg = Debug|Any CPU
		{3F675C43-1851-4528-88B6-FB4C8F248068}.Debug|Any CPU.Build.0 = Debug|Any CPU
		{3F675C43-1851-4528-88B6-FB4C8F248068}.Release|Any CPU.ActiveCfg = Release|Any CPU
		{3F675C43-1851-4528-88B6-FB4C8F248068}.Release|Any CPU.Build.0 = Release|Any CPU
		{B1DD7F96-962D-4ED3-A958-AC20195BDB83}.Debug|Any CPU.ActiveCfg = Debug|Any CPU
		{B1DD7F96-962D-4ED3-A958-AC20195BDB83}.Debug|Any CPU.Build.0 = Debug|Any CPU
		{B1DD7F96-962D-4ED3-A958-AC20195BDB83}.Release|Any CPU.ActiveCfg = Release|Any CPU
		{B1DD7F96-962D-4ED3-A958-AC20195BDB83}.Release|Any CPU.Build.0 = Release|Any CPU
	EndGlobalSection
	GlobalSection(SolutionProperties) = preSolution
		HideSolutionNode = FALSE
	EndGlobalSection
	GlobalSection(NestedProjects) = preSolution
		{FAAE8964-6633-4085-9512-41388CD130F4} = {24CFB6D4-AA5F-4021-9EBA-6A9C2E558B01}
		{5E7D922D-6458-4E89-B7B4-297520A01298} = {24CFB6D4-AA5F-4021-9EBA-6A9C2E558B01}
		{89D5FA95-296B-4A78-ABC2-3B66B1A46154} = {E5372BA2-5EE8-46F4-A64C-DA7F2B3EF716}
		{01429E9F-8E05-4326-8C2C-C8F8ACC7EA82} = {24CFB6D4-AA5F-4021-9EBA-6A9C2E558B01}
		{73AEF4AB-3F75-496F-85DD-E2DCB86C996C} = {24CFB6D4-AA5F-4021-9EBA-6A9C2E558B01}
		{0D5A8D79-41A7-4D57-8B2C-9908197C390C} = {24CFB6D4-AA5F-4021-9EBA-6A9C2E558B01}
		{CC927852-29FA-4BC6-B9A7-0F64E5905EE8} = {24CFB6D4-AA5F-4021-9EBA-6A9C2E558B01}
		{42488CC0-3DE7-42F0-8B24-86E0C312B552} = {37702A52-468E-498A-A839-5BD672DA39CF}
		{3F675C43-1851-4528-88B6-FB4C8F248068} = {37702A52-468E-498A-A839-5BD672DA39CF}
		{B1DD7F96-962D-4ED3-A958-AC20195BDB83} = {37702A52-468E-498A-A839-5BD672DA39CF}
	EndGlobalSection
	GlobalSection(ExtensibilityGlobals) = postSolution
		SolutionGuid = {A2D97447-8D41-44FD-828D-41A87E35F3EA}
	EndGlobalSection
EndGlobal
